
Microsoft Visual Studio Solution File, Format Version 12.00
# Visual Studio 15
VisualStudioVersion = 15.0.28307.329
MinimumVisualStudioVersion = 10.0.40219.1
Project("{888888A0-9F3D-457C-B088-3A5042F75D52}") = "Pythontest", "Pythontest\Pythontest.pyproj", "{E6179A35-401B-401A-ACDD-8154940291F3}"
EndProject
Global
	GlobalSection(SolutionConfigurationPlatforms) = preSolution
		Debug|Any CPU = Debug|Any CPU
		Release|Any CPU = Release|Any CPU
	EndGlobalSection
	GlobalSection(ProjectConfigurationPlatforms) = postSolution
		{E6179A35-401B-401A-ACDD-8154940291F3}.Debug|Any CPU.ActiveCfg = Debug|Any CPU
		{E6179A35-401B-401A-ACDD-8154940291F3}.Release|Any CPU.ActiveCfg = Release|Any CPU
	EndGlobalSection
	GlobalSection(SolutionProperties) = preSolution
		HideSolutionNode = FALSE
	EndGlobalSection
	GlobalSection(ExtensibilityGlobals) = postSolution
		SolutionGuid = {AE3DE6A8-D270-459A-96B8-620F87576C8D}
	EndGlobalSection
EndGlobal
